// !$*UTF8*$!
{
	archiveVersion = 1;
	classes = {
	};
	objectVersion = 50;
	objects = {

/* Begin PBXBuildFile section */
		2A89966C23C8696A00B6DDB1 /* AppDelegate.swift in Sources */ = {isa = PBXBuildFile; fileRef = 2A89966B23C8696A00B6DDB1 /* AppDelegate.swift */; };
		2A89966E23C8696A00B6DDB1 /* SceneDelegate.swift in Sources */ = {isa = PBXBuildFile; fileRef = 2A89966D23C8696A00B6DDB1 /* SceneDelegate.swift */; };
		2A89967023C8696A00B6DDB1 /* ViewController.swift in Sources */ = {isa = PBXBuildFile; fileRef = 2A89966F23C8696A00B6DDB1 /* ViewController.swift */; };
		2A89967323C8696A00B6DDB1 /* Main.storyboard in Resources */ = {isa = PBXBuildFile; fileRef = 2A89967123C8696A00B6DDB1 /* Main.storyboard */; };
		2A89967523C8696D00B6DDB1 /* Assets.xcassets in Resources */ = {isa = PBXBuildFile; fileRef = 2A89967423C8696D00B6DDB1 /* Assets.xcassets */; };
		2A89967823C8696D00B6DDB1 /* LaunchScreen.storyboard in Resources */ = {isa = PBXBuildFile; fileRef = 2A89967623C8696D00B6DDB1 /* LaunchScreen.storyboard */; };
/* End PBXBuildFile section */

/* Begin PBXFileReference section */
		2A89966823C8696A00B6DDB1 /* SudokuSolverApp.app */ = {isa = PBXFileReference; explicitFileType = wrapper.application; includeInIndex = 0; path = SudokuSolverApp.app; sourceTree = BUILT_PRODUCTS_DIR; };
		2A89966B23C8696A00B6DDB1 /* AppDelegate.swift */ = {isa = PBXFileReference; lastKnownFileType = sourcecode.swift; path = AppDelegate.swift; sourceTree = "<group>"; };
		2A89966D23C8696A00B6DDB1 /* SceneDelegate.swift */ = {isa = PBXFileReference; lastKnownFileType = sourcecode.swift; path = SceneDelegate.swift; sourceTree = "<group>"; };
		2A89966F23C8696A00B6DDB1 /* ViewController.swift */ = {isa = PBXFileReference; lastKnownFileType = sourcecode.swift; path = ViewController.swift; sourceTree = "<group>"; };
		2A89967223C8696A00B6DDB1 /* Base */ = {isa = PBXFileReference; lastKnownFileType = file.storyboard; name = Base; path = Base.lproj/Main.storyboard; sourceTree = "<group>"; };
		2A89967423C8696D00B6DDB1 /* Assets.xcassets */ = {isa = PBXFileReference; lastKnownFileType = folder.assetcatalog; path = Assets.xcassets; sourceTree = "<group>"; };
		2A89967723C8696D00B6DDB1 /* Base */ = {isa = PBXFileReference; lastKnownFileType = file.storyboard; name = Base; path = Base.lproj/LaunchScreen.storyboard; sourceTree = "<group>"; };
		2A89967923C8696D00B6DDB1 /* Info.plist */ = {isa = PBXFileReference; lastKnownFileType = text.plist.xml; path = Info.plist; sourceTree = "<group>"; };
/* End PBXFileReference section */

/* Begin PBXFrameworksBuildPhase section */
		2A89966523C8696A00B6DDB1 /* Frameworks */ = {
			isa = PBXFrameworksBuildPhase;
			buildActionMask = 2147483647;
			files = (
			);
			runOnlyForDeploymentPostprocessing = 0;
		};
/* End PBXFrameworksBuildPhase section */

/* Begin PBXGroup section */
		2A89965F23C8696A00B6DDB1 = {
			isa = PBXGroup;
			children = (
				2A89966A23C8696A00B6DDB1 /* SudokuSolverApp */,
				2A89966923C8696A00B6DDB1 /* Products */,
			);
			sourceTree = "<group>";
		};
		2A89966923C8696A00B6DDB1 /* Products */ = {
			isa = PBXGroup;
			children = (
				2A89966823C8696A00B6DDB1 /* SudokuSolverApp.app */,
			);
			name = Products;
			sourceTree = "<group>";
		};
		2A89966A23C8696A00B6DDB1 /* SudokuSolverApp */ = {
			isa = PBXGroup;
			children = (
				2A89966B23C8696A00B6DDB1 /* AppDelegate.swift */,
				2A89966D23C8696A00B6DDB1 /* SceneDelegate.swift */,
				2A89966F23C8696A00B6DDB1 /* ViewController.swift */,
				2A89967123C8696A00B6DDB1 /* Main.storyboard */,
				2A89967423C8696D00B6DDB1 /* Assets.xcassets */,
				2A89967623C8696D00B6DDB1 /* LaunchScreen.storyboard */,
				2A89967923C8696D00B6DDB1 /* Info.plist */,
			);
			path = SudokuSolverApp;
			sourceTree = "<group>";
		};
/* End PBXGroup section */

/* Begin PBXNativeTarget section */
		2A89966723C8696A00B6DDB1 /* SudokuSolverApp */ = {
			isa = PBXNativeTarget;
			buildConfigurationList = 2A89967C23C8696D00B6DDB1 /* Build configuration list for PBXNativeTarget "SudokuSolverApp" */;
			buildPhases = (
				2A89966423C8696A00B6DDB1 /* Sources */,
				2A89966523C8696A00B6DDB1 /* Frameworks */,
				2A89966623C8696A00B6DDB1 /* Resources */,
			);
			buildRules = (
			);
			dependencies = (
			);
			name = SudokuSolverApp;
			productName = SudokuSolverApp;
			productReference = 2A89966823C8696A00B6DDB1 /* SudokuSolverApp.app */;
			productType = "com.apple.product-type.application";
		};
/* End PBXNativeTarget section */

/* Begin PBXProject section */
		2A89966023C8696A00B6DDB1 /* Project object */ = {
			isa = PBXProject;
			attributes = {
				LastSwiftUpdateCheck = 1110;
				LastUpgradeCheck = 1110;
				ORGANIZATIONNAME = "George Aoyagi";
				TargetAttributes = {
					2A89966723C8696A00B6DDB1 = {
						CreatedOnToolsVersion = 11.1;
					};
				};
			};
			buildConfigurationList = 2A89966323C8696A00B6DDB1 /* Build configuration list for PBXProject "SudokuSolverApp" */;
			compatibilityVersion = "Xcode 9.3";
			developmentRegion = en;
			hasScannedForEncodings = 0;
			knownRegions = (
				en,
				Base,
			);
			mainGroup = 2A89965F23C8696A00B6DDB1;
			productRefGroup = 2A89966923C8696A00B6DDB1 /* Products */;
			projectDirPath = "";
			projectRoot = "";
			targets = (
				2A89966723C8696A00B6DDB1 /* SudokuSolverApp */,
			);
		};
/* End PBXProject section */

/* Begin PBXResourcesBuildPhase section */
		2A89966623C8696A00B6DDB1 /* Resources */ = {
			isa = PBXResourcesBuildPhase;
			buildActionMask = 2147483647;
			files = (
				2A89967823C8696D00B6DDB1 /* LaunchScreen.storyboard in Resources */,
				2A89967523C8696D00B6DDB1 /* Assets.xcassets in Resources */,
				2A89967323C8696A00B6DDB1 /* Main.storyboard in Resources */,
			);
			runOnlyForDeploymentPostprocessing = 0;
		};
/* End PBXResourcesBuildPhase section */

/* Begin PBXSourcesBuildPhase section */
		2A89966423C8696A00B6DDB1 /* Sources */ = {
			isa = PBXSourcesBuildPhase;
			buildActionMask = 2147483647;
			files = (
				2A89967023C8696A00B6DDB1 /* ViewController.swift in Sources */,
				2A89966C23C8696A00B6DDB1 /* AppDelegate.swift in Sources */,
				2A89966E23C8696A00B6DDB1 /* SceneDelegate.swift in Sources */,
			);
			runOnlyForDeploymentPostprocessing = 0;
		};
/* End PBXSourcesBuildPhase section */

/* Begin PBXVariantGroup section */
		2A89967123C8696A00B6DDB1 /* Main.storyboard */ = {
			isa = PBXVariantGroup;
			children = (
				2A89967223C8696A00B6DDB1 /* Base */,
			);
			name = Main.storyboard;
			sourceTree = "<group>";
		};
		2A89967623C8696D00B6DDB1 /* LaunchScreen.storyboard */ = {
			isa = PBXVariantGroup;
			children = (
				2A89967723C8696D00B6DDB1 /* Base */,
			);
			name = LaunchScreen.storyboard;
			sourceTree = "<group>";
		};
/* End PBXVariantGroup section */

/* Begin XCBuildConfiguration section */
		2A89967A23C8696D00B6DDB1 /* Debug */ = {
			isa = XCBuildConfiguration;
			buildSettings = {
				ALWAYS_SEARCH_USER_PATHS = NO;
				CLANG_ANALYZER_NONNULL = YES;
				CLANG_ANALYZER_NUMBER_OBJECT_CONVERSION = YES_AGGRESSIVE;
				CLANG_CXX_LANGUAGE_STANDARD = "gnu++14";
				CLANG_CXX_LIBRARY = "libc++";
				CLANG_ENABLE_MODULES = YES;
				CLANG_ENABLE_OBJC_ARC = YES;
				CLANG_ENABLE_OBJC_WEAK = YES;
				CLANG_WARN_BLOCK_CAPTURE_AUTORELEASING = YES;
				CLANG_WARN_BOOL_CONVERSION = YES;
				CLANG_WARN_COMMA = YES;
				CLANG_WARN_CONSTANT_CONVERSION = YES;
				CLANG_WARN_DEPRECATED_OBJC_IMPLEMENTATIONS = YES;
				CLANG_WARN_DIRECT_OBJC_ISA_USAGE = YES_ERROR;
				CLANG_WARN_DOCUMENTATION_COMMENTS = YES;
				CLANG_WARN_EMPTY_BODY = YES;
				CLANG_WARN_ENUM_CONVERSION = YES;
				CLANG_WARN_INFINITE_RECURSION = YES;
				CLANG_WARN_INT_CONVERSION = YES;
				CLANG_WARN_NON_LITERAL_NULL_CONVERSION = YES;
				CLANG_WARN_OBJC_IMPLICIT_RETAIN_SELF = YES;
				CLANG_WARN_OBJC_LITERAL_CONVERSION = YES;
				CLANG_WARN_OBJC_ROOT_CLASS = YES_ERROR;
				CLANG_WARN_RANGE_LOOP_ANALYSIS = YES;
				CLANG_WARN_STRICT_PROTOTYPES = YES;
				CLANG_WARN_SUSPICIOUS_MOVE = YES;
				CLANG_WARN_UNGUARDED_AVAILABILITY = YES_AGGRESSIVE;
				CLANG_WARN_UNREACHABLE_CODE = YES;
				CLANG_WARN__DUPLICATE_METHOD_MATCH = YES;
				COPY_PHASE_STRIP = NO;
				DEBUG_INFORMATION_FORMAT = dwarf;
				ENABLE_STRICT_OBJC_MSGSEND = YES;
				ENABLE_TESTABILITY = YES;
				GCC_C_LANGUAGE_STANDARD = gnu11;
				GCC_DYNAMIC_NO_PIC = NO;
				GCC_NO_COMMON_BLOCKS = YES;
				GCC_OPTIMIZATION_LEVEL = 0;
				GCC_PREPROCESSOR_DEFINITIONS = (
					"DEBUG=1",
					"$(inherited)",
				);
				GCC_WARN_64_TO_32_BIT_CONVERSION = YES;
				GCC_WARN_ABOUT_RETURN_TYPE = YES_ERROR;
				GCC_WARN_UNDECLARED_SELECTOR = YES;
				GCC_WARN_UNINITIALIZED_AUTOS = YES_AGGRESSIVE;
				GCC_WARN_UNUSED_FUNCTION = YES;
				GCC_WARN_UNUSED_VARIABLE = YES;
				IPHONEOS_DEPLOYMENT_TARGET = 13.1;
				MTL_ENABLE_DEBUG_INFO = INCLUDE_SOURCE;
				MTL_FAST_MATH = YES;
				ONLY_ACTIVE_ARCH = YES;
				SDKROOT = iphoneos;
				SWIFT_ACTIVE_COMPILATION_CONDITIONS = DEBUG;
				SWIFT_OPTIMIZATION_LEVEL = "-Onone";
			};
			name = Debug;
		};
		2A89967B23C8696D00B6DDB1 /* Release */ = {
			isa = XCBuildConfiguration;
			buildSettings = {
				ALWAYS_SEARCH_USER_PATHS = NO;
				CLANG_ANALYZER_NONNULL = YES;
				CLANG_ANALYZER_NUMBER_OBJECT_CONVERSION = YES_AGGRESSIVE;
				CLANG_CXX_LANGUAGE_STANDARD = "gnu++14";
				CLANG_CXX_LIBRARY = "libc++";
				CLANG_ENABLE_MODULES = YES;
				CLANG_ENABLE_OBJC_ARC = YES;
				CLANG_ENABLE_OBJC_WEAK = YES;
				CLANG_WARN_BLOCK_CAPTURE_AUTORELEASING = YES;
				CLANG_WARN_BOOL_CONVERSION = YES;
				CLANG_WARN_COMMA = YES;
				CLANG_WARN_CONSTANT_CONVERSION = YES;
				CLANG_WARN_DEPRECATED_OBJC_IMPLEMENTATIONS = YES;
				CLANG_WARN_DIRECT_OBJC_ISA_USAGE = YES_ERROR;
				CLANG_WARN_DOCUMENTATION_COMMENTS = YES;
				CLANG_WARN_EMPTY_BODY = YES;
				CLANG_WARN_ENUM_CONVERSION = YES;
				CLANG_WARN_INFINITE_RECURSION = YES;
				CLANG_WARN_INT_CONVERSION = YES;
				CLANG_WARN_NON_LITERAL_NULL_CONVERSION = YES;
				CLANG_WARN_OBJC_IMPLICIT_RETAIN_SELF = YES;
				CLANG_WARN_OBJC_LITERAL_CONVERSION = YES;
				CLANG_WARN_OBJC_ROOT_CLASS = YES_ERROR;
				CLANG_WARN_RANGE_LOOP_ANALYSIS = YES;
				CLANG_WARN_STRICT_PROTOTYPES = YES;
				CLANG_WARN_SUSPICIOUS_MOVE = YES;
				CLANG_WARN_UNGUARDED_AVAILABILITY = YES_AGGRESSIVE;
				CLANG_WARN_UNREACHABLE_CODE = YES;
				CLANG_WARN__DUPLICATE_METHOD_MATCH = YES;
				COPY_PHASE_STRIP = NO;
				DEBUG_INFORMATION_FORMAT = "dwarf-with-dsym";
				ENABLE_NS_ASSERTIONS = NO;
				ENABLE_STRICT_OBJC_MSGSEND = YES;
				GCC_C_LANGUAGE_STANDARD = gnu11;
				GCC_NO_COMMON_BLOCKS = YES;
				GCC_WARN_64_TO_32_BIT_CONVERSION = YES;
				GCC_WARN_ABOUT_RETURN_TYPE = YES_ERROR;
				GCC_WARN_UNDECLARED_SELECTOR = YES;
				GCC_WARN_UNINITIALIZED_AUTOS = YES_AGGRESSIVE;
				GCC_WARN_UNUSED_FUNCTION = YES;
				GCC_WARN_UNUSED_VARIABLE = YES;
				IPHONEOS_DEPLOYMENT_TARGET = 13.1;
				MTL_ENABLE_DEBUG_INFO = NO;
				MTL_FAST_MATH = YES;
				SDKROOT = iphoneos;
				SWIFT_COMPILATION_MODE = wholemodule;
				SWIFT_OPTIMIZATION_LEVEL = "-O";
				VALIDATE_PRODUCT = YES;
			};
			name = Release;
		};
		2A89967D23C8696D00B6DDB1 /* Debug */ = {
			isa = XCBuildConfiguration;
			buildSettings = {
				ASSETCATALOG_COMPILER_APPICON_NAME = AppIcon;
				CODE_SIGN_STYLE = Automatic;
				INFOPLIST_FILE = SudokuSolverApp/Info.plist;
				LD_RUNPATH_SEARCH_PATHS = (
					"$(inherited)",
					"@executable_path/Frameworks",
				);
				PRODUCT_BUNDLE_IDENTIFIER = Mobile.SudokuSolverApp;
				PRODUCT_NAME = "$(TARGET_NAME)";
				SWIFT_VERSION = 5.0;
				TARGETED_DEVICE_FAMILY = "1,2";
			};
			name = Debug;
		};
		2A89967E23C8696D00B6DDB1 /* Release */ = {
			isa = XCBuildConfiguration;
			buildSettings = {
				ASSETCATALOG_COMPILER_APPICON_NAME = AppIcon;
				CODE_SIGN_STYLE = Automatic;
				INFOPLIST_FILE = SudokuSolverApp/Info.plist;
				LD_RUNPATH_SEARCH_PATHS = (
					"$(inherited)",
					"@executable_path/Frameworks",
				);
				PRODUCT_BUNDLE_IDENTIFIER = Mobile.SudokuSolverApp;
				PRODUCT_NAME = "$(TARGET_NAME)";
				SWIFT_VERSION = 5.0;
				TARGETED_DEVICE_FAMILY = "1,2";
			};
			name = Release;
		};
/* End XCBuildConfiguration section */

/* Begin XCConfigurationList section */
		2A89966323C8696A00B6DDB1 /* Build configuration list for PBXProject "SudokuSolverApp" */ = {
			isa = XCConfigurationList;
			buildConfigurations = (
				2A89967A23C8696D00B6DDB1 /* Debug */,
				2A89967B23C8696D00B6DDB1 /* Release */,
			);
			defaultConfigurationIsVisible = 0;
			defaultConfigurationName = Release;
		};
		2A89967C23C8696D00B6DDB1 /* Build configuration list for PBXNativeTarget "SudokuSolverApp" */ = {
			isa = XCConfigurationList;
			buildConfigurations = (
				2A89967D23C8696D00B6DDB1 /* Debug */,
				2A89967E23C8696D00B6DDB1 /* Release */,
			);
			defaultConfigurationIsVisible = 0;
			defaultConfigurationName = Release;
		};
/* End XCConfigurationList section */
	};
	rootObject = 2A89966023C8696A00B6DDB1 /* Project object */;
}
